
Microsoft Visual Studio Solution File, Format Version 12.00
# Visual Studio 2013
VisualStudioVersion = 12.0.40629.0
MinimumVisualStudioVersion = 10.0.40219.1
Project("{FAE04EC0-301F-11D3-BF4B-00C04F79EFBC}") = "HakerrankRepository", "HakerrankRepository\HakerrankRepository.csproj", "{911AF281-0AE4-43C2-AE12-D545492699CF}"
EndProject
Project("{FAE04EC0-301F-11D3-BF4B-00C04F79EFBC}") = "Algorithms", "Algorithms\Algorithms.csproj", "{6AB8FFAA-5907-492A-B2A9-7A60371D8E7A}"
EndProject
Global
	GlobalSection(SolutionConfigurationPlatforms) = preSolution
		Debug|Any CPU = Debug|Any CPU
		Release|Any CPU = Release|Any CPU
	EndGlobalSection
	GlobalSection(ProjectConfigurationPlatforms) = postSolution
		{911AF281-0AE4-43C2-AE12-D545492699CF}.Debug|Any CPU.ActiveCfg = Debug|Any CPU
		{911AF281-0AE4-43C2-AE12-D545492699CF}.Debug|Any CPU.Build.0 = Debug|Any CPU
		{911AF281-0AE4-43C2-AE12-D545492699CF}.Release|Any CPU.ActiveCfg = Release|Any CPU
		{911AF281-0AE4-43C2-AE12-D545492699CF}.Release|Any CPU.Build.0 = Release|Any CPU
		{6AB8FFAA-5907-492A-B2A9-7A60371D8E7A}.Debug|Any CPU.ActiveCfg = Debug|Any CPU
		{6AB8FFAA-5907-492A-B2A9-7A60371D8E7A}.Debug|Any CPU.Build.0 = Debug|Any CPU
		{6AB8FFAA-5907-492A-B2A9-7A60371D8E7A}.Release|Any CPU.ActiveCfg = Release|Any CPU
		{6AB8FFAA-5907-492A-B2A9-7A60371D8E7A}.Release|Any CPU.Build.0 = Release|Any CPU
	EndGlobalSection
	GlobalSection(SolutionProperties) = preSolution
		HideSolutionNode = FALSE
	EndGlobalSection
EndGlobal
